// !$*UTF8*$!
{
	archiveVersion = 1;
	classes = {
	};
	objectVersion = 77;
	objects = {

/* Begin PBXContainerItemProxy section */
		F7DB36202CED4BDE0011530C /* PBXContainerItemProxy */ = {
			isa = PBXContainerItemProxy;
			containerPortal = F7DB36012CED4BDD0011530C /* Project object */;
			proxyType = 1;
			remoteGlobalIDString = F7DB36082CED4BDD0011530C;
			remoteInfo = pp;
		};
		F7DB362A2CED4BDE0011530C /* PBXContainerItemProxy */ = {
			isa = PBXContainerItemProxy;
			containerPortal = F7DB36012CED4BDD0011530C /* Project object */;
			proxyType = 1;
			remoteGlobalIDString = F7DB36082CED4BDD0011530C;
			remoteInfo = pp;
		};
/* End PBXContainerItemProxy section */

/* Begin PBXFileReference section */
		F7DB36092CED4BDD0011530C /* pp.app */ = {isa = PBXFileReference; explicitFileType = wrapper.application; includeInIndex = 0; path = pp.app; sourceTree = BUILT_PRODUCTS_DIR; };
		F7DB361F2CED4BDE0011530C /* ppTests.xctest */ = {isa = PBXFileReference; explicitFileType = wrapper.cfbundle; includeInIndex = 0; path = ppTests.xctest; sourceTree = BUILT_PRODUCTS_DIR; };
		F7DB36292CED4BDE0011530C /* ppUITests.xctest */ = {isa = PBXFileReference; explicitFileType = wrapper.cfbundle; includeInIndex = 0; path = ppUITests.xctest; sourceTree = BUILT_PRODUCTS_DIR; };
/* End PBXFileReference section */

/* Begin PBXFileSystemSynchronizedBuildFileExceptionSet section */
		F7DB36312CED4BDE0011530C /* Exceptions for "pp" folder in "pp" target */ = {
			isa = PBXFileSystemSynchronizedBuildFileExceptionSet;
			membershipExceptions = (
				Info.plist,
			);
			target = F7DB36082CED4BDD0011530C /* pp */;
		};
/* End PBXFileSystemSynchronizedBuildFileExceptionSet section */

/* Begin PBXFileSystemSynchronizedRootGroup section */
		F7DB360B2CED4BDD0011530C /* pp */ = {
			isa = PBXFileSystemSynchronizedRootGroup;
			exceptions = (
				F7DB36312CED4BDE0011530C /* Exceptions for "pp" folder in "pp" target */,
			);
			path = pp;
			sourceTree = "<group>";
		};
		F7DB36222CED4BDE0011530C /* ppTests */ = {
			isa = PBXFileSystemSynchronizedRootGroup;
			path = ppTests;
			sourceTree = "<group>";
		};
		F7DB362C2CED4BDE0011530C /* ppUITests */ = {
			isa = PBXFileSystemSynchronizedRootGroup;
			path = ppUITests;
			sourceTree = "<group>";
		};
/* End PBXFileSystemSynchronizedRootGroup section */

/* Begin PBXFrameworksBuildPhase section */
		F7DB36062CED4BDD0011530C /* Frameworks */ = {
			isa = PBXFrameworksBuildPhase;
			buildActionMask = 2147483647;
			files = (
			);
			runOnlyForDeploymentPostprocessing = 0;
		};
		F7DB361C2CED4BDE0011530C /* Frameworks */ = {
			isa = PBXFrameworksBuildPhase;
			buildActionMask = 2147483647;
			files = (
			);
			runOnlyForDeploymentPostprocessing = 0;
		};
		F7DB36262CED4BDE0011530C /* Frameworks */ = {
			isa = PBXFrameworksBuildPhase;
			buildActionMask = 2147483647;
			files = (
			);
			runOnlyForDeploymentPostprocessing = 0;
		};
/* End PBXFrameworksBuildPhase section */

/* Begin PBXGroup section */
		F7DB36002CED4BDD0011530C = {
			isa = PBXGroup;
			children = (
				F7DB360B2CED4BDD0011530C /* pp */,
				F7DB36222CED4BDE0011530C /* ppTests */,
				F7DB362C2CED4BDE0011530C /* ppUITests */,
				F7DB360A2CED4BDD0011530C /* Products */,
			);
			sourceTree = "<group>";
		};
		F7DB360A2CED4BDD0011530C /* Products */ = {
			isa = PBXGroup;
			children = (
				F7DB36092CED4BDD0011530C /* pp.app */,
				F7DB361F2CED4BDE0011530C /* ppTests.xctest */,
				F7DB36292CED4BDE0011530C /* ppUITests.xctest */,
			);
			name = Products;
			sourceTree = "<group>";
		};
/* End PBXGroup section */

/* Begin PBXNativeTarget section */
		F7DB36082CED4BDD0011530C /* pp */ = {
			isa = PBXNativeTarget;
			buildConfigurationList = F7DB36322CED4BDE0011530C /* Build configuration list for PBXNativeTarget "pp" */;
			buildPhases = (
				F7DB36052CED4BDD0011530C /* Sources */,
				F7DB36062CED4BDD0011530C /* Frameworks */,
				F7DB36072CED4BDD0011530C /* Resources */,
			);
			buildRules = (
			);
			dependencies = (
			);
			fileSystemSynchronizedGroups = (
				F7DB360B2CED4BDD0011530C /* pp */,
			);
			name = pp;
			packageProductDependencies = (
			);
			productName = pp;
			productReference = F7DB36092CED4BDD0011530C /* pp.app */;
			productType = "com.apple.product-type.application";
		};
		F7DB361E2CED4BDE0011530C /* ppTests */ = {
			isa = PBXNativeTarget;
			buildConfigurationList = F7DB36372CED4BDE0011530C /* Build configuration list for PBXNativeTarget "ppTests" */;
			buildPhases = (
				F7DB361B2CED4BDE0011530C /* Sources */,
				F7DB361C2CED4BDE0011530C /* Frameworks */,
				F7DB361D2CED4BDE0011530C /* Resources */,
			);
			buildRules = (
			);
			dependencies = (
				F7DB36212CED4BDE0011530C /* PBXTargetDependency */,
			);
			fileSystemSynchronizedGroups = (
				F7DB36222CED4BDE0011530C /* ppTests */,
			);
			name = ppTests;
			packageProductDependencies = (
			);
			productName = ppTests;
			productReference = F7DB361F2CED4BDE0011530C /* ppTests.xctest */;
			productType = "com.apple.product-type.bundle.unit-test";
		};
		F7DB36282CED4BDE0011530C /* ppUITests */ = {
			isa = PBXNativeTarget;
			buildConfigurationList = F7DB363A2CED4BDE0011530C /* Build configuration list for PBXNativeTarget "ppUITests" */;
			buildPhases = (
				F7DB36252CED4BDE0011530C /* Sources */,
				F7DB36262CED4BDE0011530C /* Frameworks */,
				F7DB36272CED4BDE0011530C /* Resources */,
			);
			buildRules = (
			);
			dependencies = (
				F7DB362B2CED4BDE0011530C /* PBXTargetDependency */,
			);
			fileSystemSynchronizedGroups = (
				F7DB362C2CED4BDE0011530C /* ppUITests */,
			);
			name = ppUITests;
			packageProductDependencies = (
			);
			productName = ppUITests;
			productReference = F7DB36292CED4BDE0011530C /* ppUITests.xctest */;
			productType = "com.apple.product-type.bundle.ui-testing";
		};
/* End PBXNativeTarget section */

/* Begin PBXProject section */
		F7DB36012CED4BDD0011530C /* Project object */ = {
			isa = PBXProject;
			attributes = {
				BuildIndependentTargetsInParallel = 1;
				LastSwiftUpdateCheck = 1610;
				LastUpgradeCheck = 1610;
				TargetAttributes = {
					F7DB36082CED4BDD0011530C = {
						CreatedOnToolsVersion = 16.1;
					};
					F7DB361E2CED4BDE0011530C = {
						CreatedOnToolsVersion = 16.1;
						TestTargetID = F7DB36082CED4BDD0011530C;
					};
					F7DB36282CED4BDE0011530C = {
						CreatedOnToolsVersion = 16.1;
						TestTargetID = F7DB36082CED4BDD0011530C;
					};
				};
			};
			buildConfigurationList = F7DB36042CED4BDD0011530C /* Build configuration list for PBXProject "pp" */;
			developmentRegion = en;
			hasScannedForEncodings = 0;
			knownRegions = (
				en,
				Base,
			);
			mainGroup = F7DB36002CED4BDD0011530C;
			minimizedProjectReferenceProxies = 1;
			preferredProjectObjectVersion = 77;
			productRefGroup = F7DB360A2CED4BDD0011530C /* Products */;
			projectDirPath = "";
			projectRoot = "";
			targets = (
				F7DB36082CED4BDD0011530C /* pp */,
				F7DB361E2CED4BDE0011530C /* ppTests */,
				F7DB36282CED4BDE0011530C /* ppUITests */,
			);
		};
/* End PBXProject section */

/* Begin PBXResourcesBuildPhase section */
		F7DB36072CED4BDD0011530C /* Resources */ = {
			isa = PBXResourcesBuildPhase;
			buildActionMask = 2147483647;
			files = (
			);
			runOnlyForDeploymentPostprocessing = 0;
		};
		F7DB361D2CED4BDE0011530C /* Resources */ = {
			isa = PBXResourcesBuildPhase;
			buildActionMask = 2147483647;
			files = (
			);
			runOnlyForDeploymentPostprocessing = 0;
		};
		F7DB36272CED4BDE0011530C /* Resources */ = {
			isa = PBXResourcesBuildPhase;
			buildActionMask = 2147483647;
			files = (
			);
			runOnlyForDeploymentPostprocessing = 0;
		};
/* End PBXResourcesBuildPhase section */

/* Begin PBXSourcesBuildPhase section */
		F7DB36052CED4BDD0011530C /* Sources */ = {
			isa = PBXSourcesBuildPhase;
			buildActionMask = 2147483647;
			files = (
			);
			runOnlyForDeploymentPostprocessing = 0;
		};
		F7DB361B2CED4BDE0011530C /* Sources */ = {
			isa = PBXSourcesBuildPhase;
			buildActionMask = 2147483647;
			files = (
			);
			runOnlyForDeploymentPostprocessing = 0;
		};
		F7DB36252CED4BDE0011530C /* Sources */ = {
			isa = PBXSourcesBuildPhase;
			buildActionMask = 2147483647;
			files = (
			);
			runOnlyForDeploymentPostprocessing = 0;
		};
/* End PBXSourcesBuildPhase section */

/* Begin PBXTargetDependency section */
		F7DB36212CED4BDE0011530C /* PBXTargetDependency */ = {
			isa = PBXTargetDependency;
			target = F7DB36082CED4BDD0011530C /* pp */;
			targetProxy = F7DB36202CED4BDE0011530C /* PBXContainerItemProxy */;
		};
		F7DB362B2CED4BDE0011530C /* PBXTargetDependency */ = {
			isa = PBXTargetDependency;
			target = F7DB36082CED4BDD0011530C /* pp */;
			targetProxy = F7DB362A2CED4BDE0011530C /* PBXContainerItemProxy */;
		};
/* End PBXTargetDependency section */

/* Begin XCBuildConfiguration section */
		F7DB36332CED4BDE0011530C /* Debug */ = {
			isa = XCBuildConfiguration;
			buildSettings = {
				ASSETCATALOG_COMPILER_APPICON_NAME = AppIcon;
				ASSETCATALOG_COMPILER_GLOBAL_ACCENT_COLOR_NAME = AccentColor;
				CODE_SIGN_STYLE = Automatic;
				CURRENT_PROJECT_VERSION = 1;
				DEVELOPMENT_TEAM = 67QL4NF383;
				GENERATE_INFOPLIST_FILE = YES;
				INFOPLIST_FILE = pp/Info.plist;
				INFOPLIST_KEY_UIApplicationSupportsIndirectInputEvents = YES;
				INFOPLIST_KEY_UILaunchStoryboardName = LaunchScreen;
				INFOPLIST_KEY_UISupportedInterfaceOrientations_iPad = "UIInterfaceOrientationPortrait UIInterfaceOrientationPortraitUpsideDown UIInterfaceOrientationLandscapeLeft UIInterfaceOrientationLandscapeRight";
				INFOPLIST_KEY_UISupportedInterfaceOrientations_iPhone = "UIInterfaceOrientationPortrait UIInterfaceOrientationLandscapeLeft UIInterfaceOrientationLandscapeRight";
				LD_RUNPATH_SEARCH_PATHS = (
					"$(inherited)",
					"@executable_path/Frameworks",
				);
				MARKETING_VERSION = 1.0;
				PRODUCT_BUNDLE_IDENTIFIER = kzsoftware.pp;
				PRODUCT_NAME = "$(TARGET_NAME)";
				SWIFT_EMIT_LOC_STRINGS = YES;
				SWIFT_VERSION = 5.0;
				TARGETED_DEVICE_FAMILY = "1,2";
			};
			name = Debug;
		};
		F7DB36342CED4BDE0011530C /* Release */ = {
			isa = XCBuildConfiguration;
			buildSettings = {
				ASSETCATALOG_COMPILER_APPICON_NAME = AppIcon;
				ASSETCATALOG_COMPILER_GLOBAL_ACCENT_COLOR_NAME = AccentColor;
				CODE_SIGN_STYLE = Automatic;
				CURRENT_PROJECT_VERSION = 1;
				DEVELOPMENT_TEAM = 67QL4NF383;
				GENERATE_INFOPLIST_FILE = YES;
				INFOPLIST_FILE = pp/Info.plist;
				INFOPLIST_KEY_UIApplicationSupportsIndirectInputEvents = YES;
				INFOPLIST_KEY_UILaunchStoryboardName = LaunchScreen;
				INFOPLIST_KEY_UISupportedInterfaceOrientations_iPad = "UIInterfaceOrientationPortrait UIInterfaceOrientationPortraitUpsideDown UIInterfaceOrientationLandscapeLeft UIInterfaceOrientationLandscapeRight";
				INFOPLIST_KEY_UISupportedInterfaceOrientations_iPhone = "UIInterfaceOrientationPortrait UIInterfaceOrientationLandscapeLeft UIInterfaceOrientationLandscapeRight";
				LD_RUNPATH_SEARCH_PATHS = (
					"$(inherited)",
					"@executable_path/Frameworks",
				);
				MARKETING_VERSION = 1.0;
				PRODUCT_BUNDLE_IDENTIFIER = kzsoftware.pp;
				PRODUCT_NAME = "$(TARGET_NAME)";
				SWIFT_EMIT_LOC_STRINGS = YES;
				SWIFT_VERSION = 5.0;
				TARGETED_DEVICE_FAMILY = "1,2";
			};
			name = Release;
		};
		F7DB36352CED4BDE0011530C /* Debug */ = {
			isa = XCBuildConfiguration;
			buildSettings = {
				ALWAYS_SEARCH_USER_PATHS = NO;
				ASSETCATALOG_COMPILER_GENERATE_SWIFT_ASSET_SYMBOL_EXTENSIONS = YES;
				CLANG_ANALYZER_NONNULL = YES;
				CLANG_ANALYZER_NUMBER_OBJECT_CONVERSION = YES_AGGRESSIVE;
				CLANG_CXX_LANGUAGE_STANDARD = "gnu++20";
				CLANG_ENABLE_MODULES = YES;
				CLANG_ENABLE_OBJC_ARC = YES;
				CLANG_ENABLE_OBJC_WEAK = YES;
				CLANG_WARN_BLOCK_CAPTURE_AUTORELEASING = YES;
				CLANG_WARN_BOOL_CONVERSION = YES;
				CLANG_WARN_COMMA = YES;
				CLANG_WARN_CONSTANT_CONVERSION = YES;
				CLANG_WARN_DEPRECATED_OBJC_IMPLEMENTATIONS = YES;
				CLANG_WARN_DIRECT_OBJC_ISA_USAGE = YES_ERROR;
				CLANG_WARN_DOCUMENTATION_COMMENTS = YES;
				CLANG_WARN_EMPTY_BODY = YES;
				CLANG_WARN_ENUM_CONVERSION = YES;
				CLANG_WARN_INFINITE_RECURSION = YES;
				CLANG_WARN_INT_CONVERSION = YES;
				CLANG_WARN_NON_LITERAL_NULL_CONVERSION = YES;
				CLANG_WARN_OBJC_IMPLICIT_RETAIN_SELF = YES;
				CLANG_WARN_OBJC_LITERAL_CONVERSION = YES;
				CLANG_WARN_OBJC_ROOT_CLASS = YES_ERROR;
				CLANG_WARN_QUOTED_INCLUDE_IN_FRAMEWORK_HEADER = YES;
				CLANG_WARN_RANGE_LOOP_ANALYSIS = YES;
				CLANG_WARN_STRICT_PROTOTYPES = YES;
				CLANG_WARN_SUSPICIOUS_MOVE = YES;
				CLANG_WARN_UNGUARDED_AVAILABILITY = YES_AGGRESSIVE;
				CLANG_WARN_UNREACHABLE_CODE = YES;
				CLANG_WARN__DUPLICATE_METHOD_MATCH = YES;
				COPY_PHASE_STRIP = NO;
				DEBUG_INFORMATION_FORMAT = dwarf;
				ENABLE_STRICT_OBJC_MSGSEND = YES;
				ENABLE_TESTABILITY = YES;
				ENABLE_USER_SCRIPT_SANDBOXING = YES;
				GCC_C_LANGUAGE_STANDARD = gnu17;
				GCC_DYNAMIC_NO_PIC = NO;
				GCC_NO_COMMON_BLOCKS = YES;
				GCC_OPTIMIZATION_LEVEL = 0;
				GCC_PREPROCESSOR_DEFINITIONS = (
					"DEBUG=1",
					"$(inherited)",
				);
				GCC_WARN_64_TO_32_BIT_CONVERSION = YES;
				GCC_WARN_ABOUT_RETURN_TYPE = YES_ERROR;
				GCC_WARN_UNDECLARED_SELECTOR = YES;
				GCC_WARN_UNINITIALIZED_AUTOS = YES_AGGRESSIVE;
				GCC_WARN_UNUSED_FUNCTION = YES;
				GCC_WARN_UNUSED_VARIABLE = YES;
				IPHONEOS_DEPLOYMENT_TARGET = 18.1;
				LOCALIZATION_PREFERS_STRING_CATALOGS = YES;
				MTL_ENABLE_DEBUG_INFO = INCLUDE_SOURCE;
				MTL_FAST_MATH = YES;
				ONLY_ACTIVE_ARCH = YES;
				SDKROOT = iphoneos;
				SWIFT_ACTIVE_COMPILATION_CONDITIONS = "DEBUG $(inherited)";
				SWIFT_OPTIMIZATION_LEVEL = "-Onone";
			};
			name = Debug;
		};
		F7DB36362CED4BDE0011530C /* Release */ = {
			isa = XCBuildConfiguration;
			buildSettings = {
				ALWAYS_SEARCH_USER_PATHS = NO;
				ASSETCATALOG_COMPILER_GENERATE_SWIFT_ASSET_SYMBOL_EXTENSIONS = YES;
				CLANG_ANALYZER_NONNULL = YES;
				CLANG_ANALYZER_NUMBER_OBJECT_CONVERSION = YES_AGGRESSIVE;
				CLANG_CXX_LANGUAGE_STANDARD = "gnu++20";
				CLANG_ENABLE_MODULES = YES;
				CLANG_ENABLE_OBJC_ARC = YES;
				CLANG_ENABLE_OBJC_WEAK = YES;
				CLANG_WARN_BLOCK_CAPTURE_AUTORELEASING = YES;
				CLANG_WARN_BOOL_CONVERSION = YES;
				CLANG_WARN_COMMA = YES;
				CLANG_WARN_CONSTANT_CONVERSION = YES;
				CLANG_WARN_DEPRECATED_OBJC_IMPLEMENTATIONS = YES;
				CLANG_WARN_DIRECT_OBJC_ISA_USAGE = YES_ERROR;
				CLANG_WARN_DOCUMENTATION_COMMENTS = YES;
				CLANG_WARN_EMPTY_BODY = YES;
				CLANG_WARN_ENUM_CONVERSION = YES;
				CLANG_WARN_INFINITE_RECURSION = YES;
				CLANG_WARN_INT_CONVERSION = YES;
				CLANG_WARN_NON_LITERAL_NULL_CONVERSION = YES;
				CLANG_WARN_OBJC_IMPLICIT_RETAIN_SELF = YES;
				CLANG_WARN_OBJC_LITERAL_CONVERSION = YES;
				CLANG_WARN_OBJC_ROOT_CLASS = YES_ERROR;
				CLANG_WARN_QUOTED_INCLUDE_IN_FRAMEWORK_HEADER = YES;
				CLANG_WARN_RANGE_LOOP_ANALYSIS = YES;
				CLANG_WARN_STRICT_PROTOTYPES = YES;
				CLANG_WARN_SUSPICIOUS_MOVE = YES;
				CLANG_WARN_UNGUARDED_AVAILABILITY = YES_AGGRESSIVE;
				CLANG_WARN_UNREACHABLE_CODE = YES;
				CLANG_WARN__DUPLICATE_METHOD_MATCH = YES;
				COPY_PHASE_STRIP = NO;
				DEBUG_INFORMATION_FORMAT = "dwarf-with-dsym";
				ENABLE_NS_ASSERTIONS = NO;
				ENABLE_STRICT_OBJC_MSGSEND = YES;
				ENABLE_USER_SCRIPT_SANDBOXING = YES;
				GCC_C_LANGUAGE_STANDARD = gnu17;
				GCC_NO_COMMON_BLOCKS = YES;
				GCC_WARN_64_TO_32_BIT_CONVERSION = YES;
				GCC_WARN_ABOUT_RETURN_TYPE = YES_ERROR;
				GCC_WARN_UNDECLARED_SELECTOR = YES;
				GCC_WARN_UNINITIALIZED_AUTOS = YES_AGGRESSIVE;
				GCC_WARN_UNUSED_FUNCTION = YES;
				GCC_WARN_UNUSED_VARIABLE = YES;
				IPHONEOS_DEPLOYMENT_TARGET = 18.1;
				LOCALIZATION_PREFERS_STRING_CATALOGS = YES;
				MTL_ENABLE_DEBUG_INFO = NO;
				MTL_FAST_MATH = YES;
				SDKROOT = iphoneos;
				SWIFT_COMPILATION_MODE = wholemodule;
				VALIDATE_PRODUCT = YES;
			};
			name = Release;
		};
		F7DB36382CED4BDE0011530C /* Debug */ = {
			isa = XCBuildConfiguration;
			buildSettings = {
				BUNDLE_LOADER = "$(TEST_HOST)";
				CODE_SIGN_STYLE = Automatic;
				CURRENT_PROJECT_VERSION = 1;
				DEVELOPMENT_TEAM = 67QL4NF383;
				GENERATE_INFOPLIST_FILE = YES;
				IPHONEOS_DEPLOYMENT_TARGET = 18.1;
				MARKETING_VERSION = 1.0;
				PRODUCT_BUNDLE_IDENTIFIER = kzsoftware.ppTests;
				PRODUCT_NAME = "$(TARGET_NAME)";
				SWIFT_EMIT_LOC_STRINGS = NO;
				SWIFT_VERSION = 5.0;
				TARGETED_DEVICE_FAMILY = "1,2";
				TEST_HOST = "$(BUILT_PRODUCTS_DIR)/pp.app/$(BUNDLE_EXECUTABLE_FOLDER_PATH)/pp";
			};
			name = Debug;
		};
		F7DB36392CED4BDE0011530C /* Release */ = {
			isa = XCBuildConfiguration;
			buildSettings = {
				BUNDLE_LOADER = "$(TEST_HOST)";
				CODE_SIGN_STYLE = Automatic;
				CURRENT_PROJECT_VERSION = 1;
				DEVELOPMENT_TEAM = 67QL4NF383;
				GENERATE_INFOPLIST_FILE = YES;
				IPHONEOS_DEPLOYMENT_TARGET = 18.1;
				MARKETING_VERSION = 1.0;
				PRODUCT_BUNDLE_IDENTIFIER = kzsoftware.ppTests;
				PRODUCT_NAME = "$(TARGET_NAME)";
				SWIFT_EMIT_LOC_STRINGS = NO;
				SWIFT_VERSION = 5.0;
				TARGETED_DEVICE_FAMILY = "1,2";
				TEST_HOST = "$(BUILT_PRODUCTS_DIR)/pp.app/$(BUNDLE_EXECUTABLE_FOLDER_PATH)/pp";
			};
			name = Release;
		};
		F7DB363B2CED4BDE0011530C /* Debug */ = {
			isa = XCBuildConfiguration;
			buildSettings = {
				CODE_SIGN_STYLE = Automatic;
				CURRENT_PROJECT_VERSION = 1;
				DEVELOPMENT_TEAM = 67QL4NF383;
				GENERATE_INFOPLIST_FILE = YES;
				MARKETING_VERSION = 1.0;
				PRODUCT_BUNDLE_IDENTIFIER = kzsoftware.ppUITests;
				PRODUCT_NAME = "$(TARGET_NAME)";
				SWIFT_EMIT_LOC_STRINGS = NO;
				SWIFT_VERSION = 5.0;
				TARGETED_DEVICE_FAMILY = "1,2";
				TEST_TARGET_NAME = pp;
			};
			name = Debug;
		};
		F7DB363C2CED4BDE0011530C /* Release */ = {
			isa = XCBuildConfiguration;
			buildSettings = {
				CODE_SIGN_STYLE = Automatic;
				CURRENT_PROJECT_VERSION = 1;
				DEVELOPMENT_TEAM = 67QL4NF383;
				GENERATE_INFOPLIST_FILE = YES;
				MARKETING_VERSION = 1.0;
				PRODUCT_BUNDLE_IDENTIFIER = kzsoftware.ppUITests;
				PRODUCT_NAME = "$(TARGET_NAME)";
				SWIFT_EMIT_LOC_STRINGS = NO;
				SWIFT_VERSION = 5.0;
				TARGETED_DEVICE_FAMILY = "1,2";
				TEST_TARGET_NAME = pp;
			};
			name = Release;
		};
/* End XCBuildConfiguration section */

/* Begin XCConfigurationList section */
		F7DB36042CED4BDD0011530C /* Build configuration list for PBXProject "pp" */ = {
			isa = XCConfigurationList;
			buildConfigurations = (
				F7DB36352CED4BDE0011530C /* Debug */,
				F7DB36362CED4BDE0011530C /* Release */,
			);
			defaultConfigurationIsVisible = 0;
			defaultConfigurationName = Release;
		};
		F7DB36322CED4BDE0011530C /* Build configuration list for PBXNativeTarget "pp" */ = {
			isa = XCConfigurationList;
			buildConfigurations = (
				F7DB36332CED4BDE0011530C /* Debug */,
				F7DB36342CED4BDE0011530C /* Release */,
			);
			defaultConfigurationIsVisible = 0;
			defaultConfigurationName = Release;
		};
		F7DB36372CED4BDE0011530C /* Build configuration list for PBXNativeTarget "ppTests" */ = {
			isa = XCConfigurationList;
			buildConfigurations = (
				F7DB36382CED4BDE0011530C /* Debug */,
				F7DB36392CED4BDE0011530C /* Release */,
			);
			defaultConfigurationIsVisible = 0;
			defaultConfigurationName = Release;
		};
		F7DB363A2CED4BDE0011530C /* Build configuration list for PBXNativeTarget "ppUITests" */ = {
			isa = XCConfigurationList;
			buildConfigurations = (
				F7DB363B2CED4BDE0011530C /* Debug */,
				F7DB363C2CED4BDE0011530C /* Release */,
			);
			defaultConfigurationIsVisible = 0;
			defaultConfigurationName = Release;
		};
/* End XCConfigurationList section */
	};
	rootObject = F7DB36012CED4BDD0011530C /* Project object */;
}
